
Microsoft Visual Studio Solution File, Format Version 12.00
# Visual Studio Version 16
VisualStudioVersion = 16.0.31729.503
MinimumVisualStudioVersion = 10.0.40219.1
Project("{FAE04EC0-301F-11D3-BF4B-00C04F79EFBC}") = "ATMApp", "ATMApp\ATMApp.csproj", "{602F1FC6-DF7E-4D38-80C9-0586081BE6A5}"
EndProject
Global
	GlobalSection(SolutionConfigurationPlatforms) = preSolution
		Debug|Any CPU = Debug|Any CPU
		Release|Any CPU = Release|Any CPU
	EndGlobalSection
	GlobalSection(ProjectConfigurationPlatforms) = postSolution
		{602F1FC6-DF7E-4D38-80C9-0586081BE6A5}.Debug|Any CPU.ActiveCfg = Debug|Any CPU
		{602F1FC6-DF7E-4D38-80C9-0586081BE6A5}.Debug|Any CPU.Build.0 = Debug|Any CPU
		{602F1FC6-DF7E-4D38-80C9-0586081BE6A5}.Release|Any CPU.ActiveCfg = Release|Any CPU
		{602F1FC6-DF7E-4D38-80C9-0586081BE6A5}.Release|Any CPU.Build.0 = Release|Any CPU
	EndGlobalSection
	GlobalSection(SolutionProperties) = preSolution
		HideSolutionNode = FALSE
	EndGlobalSection
	GlobalSection(ExtensibilityGlobals) = postSolution
		SolutionGuid = {A7F57FDF-85A6-49CE-ADFA-9B0E4971912D}
	EndGlobalSection
EndGlobal
